
Microsoft Visual Studio Solution File, Format Version 12.00
# Visual Studio Version 17
VisualStudioVersion = 17.4.33110.190
MinimumVisualStudioVersion = 10.0.40219.1
Project("{FAE04EC0-301F-11D3-BF4B-00C04F79EFBC}") = "ProyectoU3Eventos", "ProyectoU3Eventos.csproj", "{687C271D-6443-458C-BCEA-8E79B1550193}"
EndProject
Global
	GlobalSection(SolutionConfigurationPlatforms) = preSolution
		Debug|Any CPU = Debug|Any CPU
		Release|Any CPU = Release|Any CPU
	EndGlobalSection
	GlobalSection(ProjectConfigurationPlatforms) = postSolution
		{687C271D-6443-458C-BCEA-8E79B1550193}.Debug|Any CPU.ActiveCfg = Debug|Any CPU
		{687C271D-6443-458C-BCEA-8E79B1550193}.Debug|Any CPU.Build.0 = Debug|Any CPU
		{687C271D-6443-458C-BCEA-8E79B1550193}.Release|Any CPU.ActiveCfg = Release|Any CPU
		{687C271D-6443-458C-BCEA-8E79B1550193}.Release|Any CPU.Build.0 = Release|Any CPU
	EndGlobalSection
	GlobalSection(SolutionProperties) = preSolution
		HideSolutionNode = FALSE
	EndGlobalSection
	GlobalSection(ExtensibilityGlobals) = postSolution
		SolutionGuid = {4BFEF3EA-0709-4AA8-A7FD-38E067E71802}
	EndGlobalSection
EndGlobal
